Microsoft Visual Studio Solution File, Format Version 11.00
# Visual Studio 2008

Project("{76887A66-5015-5760-647F-66C2404FA46A}") = "WaterGamePlant", "Assembly-CSharp.csproj", "{A3AD1255-D2C0-59E8-5170-616944B7D64E}"
EndProject
Project("{76887A66-5015-5760-647F-66C2404FA46A}") = "WaterGamePlant", "Assembly-CSharp-Editor.csproj", "{AD9F002D-CEB1-9ED9-FC74-C9DEA3648124}"
EndProject
Global
	GlobalSection(SolutionConfigurationPlatforms) = preSolution
		Debug|Any CPU = Debug|Any CPU
		Release|Any CPU = Release|Any CPU
	EndGlobalSection
	GlobalSection(ProjectConfigurationPlatforms) = postSolution
		{A3AD1255-D2C0-59E8-5170-616944B7D64E}.Debug|Any CPU.ActiveCfg = Debug|Any CPU
		{A3AD1255-D2C0-59E8-5170-616944B7D64E}.Debug|Any CPU.Build.0 = Debug|Any CPU
		{A3AD1255-D2C0-59E8-5170-616944B7D64E}.Release|Any CPU.ActiveCfg = Release|Any CPU
		{A3AD1255-D2C0-59E8-5170-616944B7D64E}.Release|Any CPU.Build.0 = Release|Any CPU
		{AD9F002D-CEB1-9ED9-FC74-C9DEA3648124}.Debug|Any CPU.ActiveCfg = Debug|Any CPU
		{AD9F002D-CEB1-9ED9-FC74-C9DEA3648124}.Debug|Any CPU.Build.0 = Debug|Any CPU
		{AD9F002D-CEB1-9ED9-FC74-C9DEA3648124}.Release|Any CPU.ActiveCfg = Release|Any CPU
		{AD9F002D-CEB1-9ED9-FC74-C9DEA3648124}.Release|Any CPU.Build.0 = Release|Any CPU
	EndGlobalSection
	GlobalSection(SolutionProperties) = preSolution
		HideSolutionNode = FALSE
	EndGlobalSection
	GlobalSection(MonoDevelopProperties) = preSolution
		StartupItem = Assembly-CSharp.csproj
	EndGlobalSection
EndGlobal
